hash: 27a6def8732c04c5d65ba43db415d24c589f0553d576ec058b24d52f9eea6150
updated: 2017-11-19T18:44:29.858067-08:00
imports:
- name: github.com/fatih/color
  version: 570b54cabe6b8eb0bc2dfce68d964677d63b5260
- name: github.com/mattn/go-runewidth
  version: 9e777a8366cce605130a531d2cd6363d07ad7317
- name: github.com/olekukonko/tablewriter
  version: a7a4c189eb47ed33ce7b35f2880070a0c82a67d4
testImports: []
