github.com/BurntSushi/toml v0.3.0 h1:e1/Ivsx3Z0FVTV0NSOv/aVgbUWyQuzj7DDnFblkRvsY=
github.com/BurntSushi/toml v0.3.0/go.mod h1:xHWCNGjB5oqiDr8zfno3MHue2Ht5sIBksp03qcyfWMU=
github.com/fatih/color v1.7.0 h1:DkWD4oS2D8LGGgTQ6IvwJJXSL5Vp2ffcQg58nFV38Ys=
github.com/fatih/color v1.7.0/go.mod h1:Zm6kSWBoL9eyXnKyktHP6abPY2pDugNf5KwzbycvMj4=
github.com/fatih/structtag v1.0.0 h1:pTHj65+u3RKWYPSGaU290FpI/dXxTaHdVwVwbcPKmEc=
github.com/fatih/structtag v1.0.0/go.mod h1:IKitwq45uXL/yqi5mYghiD3w9H6eTOvI9vnk8tXMphA=
github.com/mattn/go-colorable v0.0.9 h1:UVL0vNpWh04HeJXV0KLcaT7r06gOH2l4OW6ddYRUIY4=
github.com/mattn/go-colorable v0.0.9/go.mod h1:9vuHe8Xs5qXnSaW/c/ABM9alt+Vo+STaOChaDxuIBZU=
github.com/mattn/go-isatty v0.0.4 h1:bnP0vzxcAdeI1zdubAl5PjU6zsERjGZb7raWodagDYs=
github.com/mattn/go-isatty v0.0.4/go.mod h1:M+lRXTBqGeGNdLjl/ufCoiOlB5xdOkqRJdNxMWT7Zi4=
github.com/mattn/go-runewidth v0.0.3 h1:a+kO+98RDGEfo6asOGMmpodZq4FNtnGP54yps8BzLR4=
github.com/mattn/go-runewidth v0.0.3/go.mod h1:LwmH8dsx7+W8Uxz3IHJYH5QSwggIsqBzpuz5H//U1FU=
github.com/mgechev/dots v0.0.0-20180605013149-8e09d8ea2757 h1:KTwJ7Lo3KDKMknRYN5JEFRGIM4IkG59QjFFM2mxsMEU=
github.com/mgechev/dots v0.0.0-20180605013149-8e09d8ea2757/go.mod h1:KQ7+USdGKfpPjXk4Ga+5XxQM4Lm4e3gAogrreFAYpOg=
github.com/olekukonko/tablewriter v0.0.0-20180912035003-be2c049b30cc h1:rQ1O4ZLYR2xXHXgBCCfIIGnuZ0lidMQw2S5n1oOv+Wg=
github.com/olekukonko/tablewriter v0.0.0-20180912035003-be2c049b30cc/go.mod h1:vsDQFd/mU46D+Z4whnwzcISnGGzXWMclvtLoiIKAKIo=
github.com/pkg/errors v0.8.0 h1:WdK/asTD0HN+q6hsWO3/vpuAkAr+tw6aNJNDFFf0+qw=
github.com/pkg/errors v0.8.0/go.mod h1:bwawxfHBFNV+L2hUp1rHADufV3IMtnDRdf1r5NINEl0=
golang.org/x/sys v0.0.0-20180909124046-d0be0721c37e h1:o3PsSEY8E4eXWkXrIP9YJALUkVZqzHJT5DOasTyn8Vs=
golang.org/x/sys v0.0.0-20180909124046-d0be0721c37e/go.mod h1:STP8DvDyc/dI5b8T5hshtkjS+E42TnysNCUPdjciGhY=
golang.org/x/tools v0.0.0-20180911133044-677d2ff680c1 h1:dzEuQYa6+a3gROnSlgly5ERUm4SZKJt+dh+4iSbO+bI=
golang.org/x/tools v0.0.0-20180911133044-677d2ff680c1/go.mod h1:n7NCudcB/nEzxVGmLbDWY5pfWTLqBcC2KZ6jyYvM4mQ=
